// !$*UTF8*$!
{
	archiveVersion = 1;
	classes = {
	};
	objectVersion = 48;
	objects = {

/* Begin PBXBuildFile section */
		3064D2E11FCFFE71009AF734 /* AppDelegate.swift in Sources */ = {isa = PBXBuildFile; fileRef = 3064D2E01FCFFE71009AF734 /* AppDelegate.swift */; };
		3064D2E31FCFFE71009AF734 /* FeedVC.swift in Sources */ = {isa = PBXBuildFile; fileRef = 3064D2E21FCFFE71009AF734 /* FeedVC.swift */; };
		3064D2E51FCFFE71009AF734 /* GroupVC.swift in Sources */ = {isa = PBXBuildFile; fileRef = 3064D2E41FCFFE71009AF734 /* GroupVC.swift */; };
		3064D2E81FCFFE71009AF734 /* Main.storyboard in Resources */ = {isa = PBXBuildFile; fileRef = 3064D2E61FCFFE71009AF734 /* Main.storyboard */; };
		3064D2EA1FCFFE71009AF734 /* Assets.xcassets in Resources */ = {isa = PBXBuildFile; fileRef = 3064D2E91FCFFE71009AF734 /* Assets.xcassets */; };
		3064D2ED1FCFFE71009AF734 /* LaunchScreen.storyboard in Resources */ = {isa = PBXBuildFile; fileRef = 3064D2EB1FCFFE71009AF734 /* LaunchScreen.storyboard */; };
		3064D2F71FD002DB009AF734 /* GoogleService-Info.plist in Resources */ = {isa = PBXBuildFile; fileRef = 3064D2F41FCFFFC9009AF734 /* GoogleService-Info.plist */; };
		3064D3011FD0058B009AF734 /* DataServices.swift in Sources */ = {isa = PBXBuildFile; fileRef = 3064D2FF1FD0058B009AF734 /* DataServices.swift */; };
		3064D3021FD0058B009AF734 /* AuthService.swift in Sources */ = {isa = PBXBuildFile; fileRef = 3064D3001FD0058B009AF734 /* AuthService.swift */; };
		30896DB61FD05DC000960FE2 /* MeMC.swift in Sources */ = {isa = PBXBuildFile; fileRef = 30896DB51FD05DC000960FE2 /* MeMC.swift */; };
		30A950E21FD0076700470724 /* AuthVC.swift in Sources */ = {isa = PBXBuildFile; fileRef = 30A950E11FD0076700470724 /* AuthVC.swift */; };
		30A950E41FD0077800470724 /* LoginVC.swift in Sources */ = {isa = PBXBuildFile; fileRef = 30A950E31FD0077800470724 /* LoginVC.swift */; };
		7FC5CFC150B3DA608F206C44 /* Pods_PreExam.framework in Frameworks */ = {isa = PBXBuildFile; fileRef = 973BC5BA5DE783437579D8CD /* Pods_PreExam.framework */; };
/* End PBXBuildFile section */

/* Begin PBXFileReference section */
		3064D2DD1FCFFE71009AF734 /* PreExam.app */ = {isa = PBXFileReference; explicitFileType = wrapper.application; includeInIndex = 0; path = PreExam.app; sourceTree = BUILT_PRODUCTS_DIR; };
		3064D2E01FCFFE71009AF734 /* AppDelegate.swift */ = {isa = PBXFileReference; lastKnownFileType = sourcecode.swift; path = AppDelegate.swift; sourceTree = "<group>"; };
		3064D2E21FCFFE71009AF734 /* FeedVC.swift */ = {isa = PBXFileReference; lastKnownFileType = sourcecode.swift; path = FeedVC.swift; sourceTree = "<group>"; };
		3064D2E41FCFFE71009AF734 /* GroupVC.swift */ = {isa = PBXFileReference; lastKnownFileType = sourcecode.swift; path = GroupVC.swift; sourceTree = "<group>"; };
		3064D2E71FCFFE71009AF734 /* Base */ = {isa = PBXFileReference; lastKnownFileType = file.storyboard; name = Base; path = Base.lproj/Main.storyboard; sourceTree = "<group>"; };
		3064D2E91FCFFE71009AF734 /* Assets.xcassets */ = {isa = PBXFileReference; lastKnownFileType = folder.assetcatalog; path = Assets.xcassets; sourceTree = "<group>"; };
		3064D2EC1FCFFE71009AF734 /* Base */ = {isa = PBXFileReference; lastKnownFileType = file.storyboard; name = Base; path = Base.lproj/LaunchScreen.storyboard; sourceTree = "<group>"; };
		3064D2EE1FCFFE71009AF734 /* Info.plist */ = {isa = PBXFileReference; lastKnownFileType = text.plist.xml; path = Info.plist; sourceTree = "<group>"; };
		3064D2F41FCFFFC9009AF734 /* GoogleService-Info.plist */ = {isa = PBXFileReference; lastKnownFileType = text.plist.xml; path = "GoogleService-Info.plist"; sourceTree = "<group>"; };
		3064D2FF1FD0058B009AF734 /* DataServices.swift */ = {isa = PBXFileReference; lastKnownFileType = sourcecode.swift; path = DataServices.swift; sourceTree = "<group>"; };
		3064D3001FD0058B009AF734 /* AuthService.swift */ = {isa = PBXFileReference; lastKnownFileType = sourcecode.swift; path = AuthService.swift; sourceTree = "<group>"; };
		30896DB51FD05DC000960FE2 /* MeMC.swift */ = {isa = PBXFileReference; lastKnownFileType = sourcecode.swift; path = MeMC.swift; sourceTree = "<group>"; };
		30A950E11FD0076700470724 /* AuthVC.swift */ = {isa = PBXFileReference; lastKnownFileType = sourcecode.swift; path = AuthVC.swift; sourceTree = "<group>"; };
		30A950E31FD0077800470724 /* LoginVC.swift */ = {isa = PBXFileReference; lastKnownFileType = sourcecode.swift; path = LoginVC.swift; sourceTree = "<group>"; };
		973BC5BA5DE783437579D8CD /* Pods_PreExam.framework */ = {isa = PBXFileReference; explicitFileType = wrapper.framework; includeInIndex = 0; path = Pods_PreExam.framework; sourceTree = BUILT_PRODUCTS_DIR; };
		D7588AD2F3F3205C194B84FD /* Pods-PreExam.release.xcconfig */ = {isa = PBXFileReference; includeInIndex = 1; lastKnownFileType = text.xcconfig; name = "Pods-PreExam.release.xcconfig"; path = "Pods/Target Support Files/Pods-PreExam/Pods-PreExam.release.xcconfig"; sourceTree = "<group>"; };
		E49726F0204EC6FFAB93C387 /* Pods-PreExam.debug.xcconfig */ = {isa = PBXFileReference; includeInIndex = 1; lastKnownFileType = text.xcconfig; name = "Pods-PreExam.debug.xcconfig"; path = "Pods/Target Support Files/Pods-PreExam/Pods-PreExam.debug.xcconfig"; sourceTree = "<group>"; };
/* End PBXFileReference section */

/* Begin PBXFrameworksBuildPhase section */
		3064D2DA1FCFFE71009AF734 /* Frameworks */ = {
			isa = PBXFrameworksBuildPhase;
			buildActionMask = 2147483647;
			files = (
				7FC5CFC150B3DA608F206C44 /* Pods_PreExam.framework in Frameworks */,
			);
			runOnlyForDeploymentPostprocessing = 0;
		};
/* End PBXFrameworksBuildPhase section */

/* Begin PBXGroup section */
		054F1AFE2B93ED7D47E6E37A /* Frameworks */ = {
			isa = PBXGroup;
			children = (
				973BC5BA5DE783437579D8CD /* Pods_PreExam.framework */,
			);
			name = Frameworks;
			sourceTree = "<group>";
		};
		3064D2D41FCFFE71009AF734 = {
			isa = PBXGroup;
			children = (
				3064D2DF1FCFFE71009AF734 /* PreExam */,
				3064D2DE1FCFFE71009AF734 /* Products */,
				6A9A013DDDD2D3B957A04F1C /* Pods */,
				054F1AFE2B93ED7D47E6E37A /* Frameworks */,
			);
			sourceTree = "<group>";
		};
		3064D2DE1FCFFE71009AF734 /* Products */ = {
			isa = PBXGroup;
			children = (
				3064D2DD1FCFFE71009AF734 /* PreExam.app */,
			);
			name = Products;
			sourceTree = "<group>";
		};
		3064D2DF1FCFFE71009AF734 /* PreExam */ = {
			isa = PBXGroup;
			children = (
				3064D2FE1FD00575009AF734 /* Services */,
				3064D2FD1FD0044F009AF734 /* Extensions */,
				3064D2FC1FD00434009AF734 /* View */,
				3064D2FB1FD0042D009AF734 /* Model */,
				3064D2FA1FD003D2009AF734 /* Controller */,
				3064D2F41FCFFFC9009AF734 /* GoogleService-Info.plist */,
				3064D2E01FCFFE71009AF734 /* AppDelegate.swift */,
				3064D2E61FCFFE71009AF734 /* Main.storyboard */,
				3064D2E91FCFFE71009AF734 /* Assets.xcassets */,
				3064D2EB1FCFFE71009AF734 /* LaunchScreen.storyboard */,
				3064D2EE1FCFFE71009AF734 /* Info.plist */,
			);
			path = PreExam;
			sourceTree = "<group>";
		};
		3064D2FA1FD003D2009AF734 /* Controller */ = {
			isa = PBXGroup;
			children = (
				30A950E31FD0077800470724 /* LoginVC.swift */,
				30896DB51FD05DC000960FE2 /* MeMC.swift */,
				30A950E11FD0076700470724 /* AuthVC.swift */,
				3064D2E21FCFFE71009AF734 /* FeedVC.swift */,
				3064D2E41FCFFE71009AF734 /* GroupVC.swift */,
			);
			path = Controller;
			sourceTree = "<group>";
		};
		3064D2FB1FD0042D009AF734 /* Model */ = {
			isa = PBXGroup;
			children = (
			);
			path = Model;
			sourceTree = "<group>";
		};
		3064D2FC1FD00434009AF734 /* View */ = {
			isa = PBXGroup;
			children = (
			);
			path = View;
			sourceTree = "<group>";
		};
		3064D2FD1FD0044F009AF734 /* Extensions */ = {
			isa = PBXGroup;
			children = (
			);
			path = Extensions;
			sourceTree = "<group>";
		};
		3064D2FE1FD00575009AF734 /* Services */ = {
			isa = PBXGroup;
			children = (
				3064D3001FD0058B009AF734 /* AuthService.swift */,
				3064D2FF1FD0058B009AF734 /* DataServices.swift */,
			);
			path = Services;
			sourceTree = "<group>";
		};
		6A9A013DDDD2D3B957A04F1C /* Pods */ = {
			isa = PBXGroup;
			children = (
				E49726F0204EC6FFAB93C387 /* Pods-PreExam.debug.xcconfig */,
				D7588AD2F3F3205C194B84FD /* Pods-PreExam.release.xcconfig */,
			);
			name = Pods;
			sourceTree = "<group>";
		};
/* End PBXGroup section */

/* Begin PBXNativeTarget section */
		3064D2DC1FCFFE71009AF734 /* PreExam */ = {
			isa = PBXNativeTarget;
			buildConfigurationList = 3064D2F11FCFFE71009AF734 /* Build configuration list for PBXNativeTarget "PreExam" */;
			buildPhases = (
				182EA246CC08FB340B2CBB28 /* [CP] Check Pods Manifest.lock */,
				3064D2D91FCFFE71009AF734 /* Sources */,
				3064D2DA1FCFFE71009AF734 /* Frameworks */,
				3064D2DB1FCFFE71009AF734 /* Resources */,
				4CD75B3705212CA57F61EAD0 /* [CP] Embed Pods Frameworks */,
				DBACCE0CD80BE0EA1BED1E6A /* [CP] Copy Pods Resources */,
			);
			buildRules = (
			);
			dependencies = (
			);
			name = PreExam;
			productName = PreExam;
			productReference = 3064D2DD1FCFFE71009AF734 /* PreExam.app */;
			productType = "com.apple.product-type.application";
		};
/* End PBXNativeTarget section */

/* Begin PBXProject section */
		3064D2D51FCFFE71009AF734 /* Project object */ = {
			isa = PBXProject;
			attributes = {
				LastSwiftUpdateCheck = 0900;
				LastUpgradeCheck = 0900;
				ORGANIZATIONNAME = "Shuvendu Bikash";
				TargetAttributes = {
					3064D2DC1FCFFE71009AF734 = {
						CreatedOnToolsVersion = 9.0;
						ProvisioningStyle = Automatic;
					};
				};
			};
			buildConfigurationList = 3064D2D81FCFFE71009AF734 /* Build configuration list for PBXProject "PreExam" */;
			compatibilityVersion = "Xcode 8.0";
			developmentRegion = en;
			hasScannedForEncodings = 0;
			knownRegions = (
				en,
				Base,
			);
			mainGroup = 3064D2D41FCFFE71009AF734;
			productRefGroup = 3064D2DE1FCFFE71009AF734 /* Products */;
			projectDirPath = "";
			projectRoot = "";
			targets = (
				3064D2DC1FCFFE71009AF734 /* PreExam */,
			);
		};
/* End PBXProject section */

/* Begin PBXResourcesBuildPhase section */
		3064D2DB1FCFFE71009AF734 /* Resources */ = {
			isa = PBXResourcesBuildPhase;
			buildActionMask = 2147483647;
			files = (
				3064D2ED1FCFFE71009AF734 /* LaunchScreen.storyboard in Resources */,
				3064D2F71FD002DB009AF734 /* GoogleService-Info.plist in Resources */,
				3064D2EA1FCFFE71009AF734 /* Assets.xcassets in Resources */,
				3064D2E81FCFFE71009AF734 /* Main.storyboard in Resources */,
			);
			runOnlyForDeploymentPostprocessing = 0;
		};
/* End PBXResourcesBuildPhase section */

/* Begin PBXShellScriptBuildPhase section */
		182EA246CC08FB340B2CBB28 /* [CP] Check Pods Manifest.lock */ = {
			isa = PBXShellScriptBuildPhase;
			buildActionMask = 2147483647;
			files = (
			);
			inputPaths = (
				"${PODS_PODFILE_DIR_PATH}/Podfile.lock",
				"${PODS_ROOT}/Manifest.lock",
			);
			name = "[CP] Check Pods Manifest.lock";
			outputPaths = (
				"$(DERIVED_FILE_DIR)/Pods-PreExam-checkManifestLockResult.txt",
			);
			runOnlyForDeploymentPostprocessing = 0;
			shellPath = /bin/sh;
			shellScript = "diff \"${PODS_PODFILE_DIR_PATH}/Podfile.lock\" \"${PODS_ROOT}/Manifest.lock\" > /dev/null\nif [ $? != 0 ] ; then\n    # print error to STDERR\n    echo \"error: The sandbox is not in sync with the Podfile.lock. Run 'pod install' or update your CocoaPods installation.\" >&2\n    exit 1\nfi\n# This output is used by Xcode 'outputs' to avoid re-running this script phase.\necho \"SUCCESS\" > \"${SCRIPT_OUTPUT_FILE_0}\"\n";
			showEnvVarsInLog = 0;
		};
		4CD75B3705212CA57F61EAD0 /* [CP] Embed Pods Frameworks */ = {
			isa = PBXShellScriptBuildPhase;
			buildActionMask = 2147483647;
			files = (
			);
			inputPaths = (
				"${SRCROOT}/Pods/Target Support Files/Pods-PreExam/Pods-PreExam-frameworks.sh",
				"${BUILT_PRODUCTS_DIR}/GTMSessionFetcher/GTMSessionFetcher.framework",
				"${BUILT_PRODUCTS_DIR}/GoogleToolboxForMac/GoogleToolboxForMac.framework",
				"${BUILT_PRODUCTS_DIR}/leveldb-library/leveldb.framework",
				"${BUILT_PRODUCTS_DIR}/nanopb/nanopb.framework",
			);
			name = "[CP] Embed Pods Frameworks";
			outputPaths = (
				"${TARGET_BUILD_DIR}/${FRAMEWORKS_FOLDER_PATH}/GTMSessionFetcher.framework",
				"${TARGET_BUILD_DIR}/${FRAMEWORKS_FOLDER_PATH}/GoogleToolboxForMac.framework",
				"${TARGET_BUILD_DIR}/${FRAMEWORKS_FOLDER_PATH}/leveldb.framework",
				"${TARGET_BUILD_DIR}/${FRAMEWORKS_FOLDER_PATH}/nanopb.framework",
			);
			runOnlyForDeploymentPostprocessing = 0;
			shellPath = /bin/sh;
			shellScript = "\"${SRCROOT}/Pods/Target Support Files/Pods-PreExam/Pods-PreExam-frameworks.sh\"\n";
			showEnvVarsInLog = 0;
		};
		DBACCE0CD80BE0EA1BED1E6A /* [CP] Copy Pods Resources */ = {
			isa = PBXShellScriptBuildPhase;
			buildActionMask = 2147483647;
			files = (
			);
			inputPaths = (
			);
			name = "[CP] Copy Pods Resources";
			outputPaths = (
			);
			runOnlyForDeploymentPostprocessing = 0;
			shellPath = /bin/sh;
			shellScript = "\"${SRCROOT}/Pods/Target Support Files/Pods-PreExam/Pods-PreExam-resources.sh\"\n";
			showEnvVarsInLog = 0;
		};
/* End PBXShellScriptBuildPhase section */

/* Begin PBXSourcesBuildPhase section */
		3064D2D91FCFFE71009AF734 /* Sources */ = {
			isa = PBXSourcesBuildPhase;
			buildActionMask = 2147483647;
			files = (
				30A950E21FD0076700470724 /* AuthVC.swift in Sources */,
				3064D2E51FCFFE71009AF734 /* GroupVC.swift in Sources */,
				30A950E41FD0077800470724 /* LoginVC.swift in Sources */,
				3064D2E11FCFFE71009AF734 /* AppDelegate.swift in Sources */,
				3064D3021FD0058B009AF734 /* AuthService.swift in Sources */,
				3064D2E31FCFFE71009AF734 /* FeedVC.swift in Sources */,
				3064D3011FD0058B009AF734 /* DataServices.swift in Sources */,
				30896DB61FD05DC000960FE2 /* MeMC.swift in Sources */,
			);
			runOnlyForDeploymentPostprocessing = 0;
		};
/* End PBXSourcesBuildPhase section */

/* Begin PBXVariantGroup section */
		3064D2E61FCFFE71009AF734 /* Main.storyboard */ = {
			isa = PBXVariantGroup;
			children = (
				3064D2E71FCFFE71009AF734 /* Base */,
			);
			name = Main.storyboard;
			sourceTree = "<group>";
		};
		3064D2EB1FCFFE71009AF734 /* LaunchScreen.storyboard */ = {
			isa = PBXVariantGroup;
			children = (
				3064D2EC1FCFFE71009AF734 /* Base */,
			);
			name = LaunchScreen.storyboard;
			sourceTree = "<group>";
		};
/* End PBXVariantGroup section */

/* Begin XCBuildConfiguration section */
		3064D2EF1FCFFE71009AF734 /* Debug */ = {
			isa = XCBuildConfiguration;
			buildSettings = {
				ALWAYS_SEARCH_USER_PATHS = NO;
				CLANG_ANALYZER_NONNULL = YES;
				CLANG_ANALYZER_NUMBER_OBJECT_CONVERSION = YES_AGGRESSIVE;
				CLANG_CXX_LANGUAGE_STANDARD = "gnu++14";
				CLANG_CXX_LIBRARY = "libc++";
				CLANG_ENABLE_MODULES = YES;
				CLANG_ENABLE_OBJC_ARC = YES;
				CLANG_WARN_BLOCK_CAPTURE_AUTORELEASING = YES;
				CLANG_WARN_BOOL_CONVERSION = YES;
				CLANG_WARN_COMMA = YES;
				CLANG_WARN_CONSTANT_CONVERSION = YES;
				CLANG_WARN_DIRECT_OBJC_ISA_USAGE = YES_ERROR;
				CLANG_WARN_DOCUMENTATION_COMMENTS = YES;
				CLANG_WARN_EMPTY_BODY = YES;
				CLANG_WARN_ENUM_CONVERSION = YES;
				CLANG_WARN_INFINITE_RECURSION = YES;
				CLANG_WARN_INT_CONVERSION = YES;
				CLANG_WARN_NON_LITERAL_NULL_CONVERSION = YES;
				CLANG_WARN_OBJC_LITERAL_CONVERSION = YES;
				CLANG_WARN_OBJC_ROOT_CLASS = YES_ERROR;
				CLANG_WARN_RANGE_LOOP_ANALYSIS = YES;
				CLANG_WARN_STRICT_PROTOTYPES = YES;
				CLANG_WARN_SUSPICIOUS_MOVE = YES;
				CLANG_WARN_UNGUARDED_AVAILABILITY = YES_AGGRESSIVE;
				CLANG_WARN_UNREACHABLE_CODE = YES;
				CLANG_WARN__DUPLICATE_METHOD_MATCH = YES;
				CODE_SIGN_IDENTITY = "iPhone Developer";
				COPY_PHASE_STRIP = NO;
				DEBUG_INFORMATION_FORMAT = dwarf;
				ENABLE_STRICT_OBJC_MSGSEND = YES;
				ENABLE_TESTABILITY = YES;
				GCC_C_LANGUAGE_STANDARD = gnu11;
				GCC_DYNAMIC_NO_PIC = NO;
				GCC_NO_COMMON_BLOCKS = YES;
				GCC_OPTIMIZATION_LEVEL = 0;
				GCC_PREPROCESSOR_DEFINITIONS = (
					"DEBUG=1",
					"$(inherited)",
				);
				GCC_WARN_64_TO_32_BIT_CONVERSION = YES;
				GCC_WARN_ABOUT_RETURN_TYPE = YES_ERROR;
				GCC_WARN_UNDECLARED_SELECTOR = YES;
				GCC_WARN_UNINITIALIZED_AUTOS = YES_AGGRESSIVE;
				GCC_WARN_UNUSED_FUNCTION = YES;
				GCC_WARN_UNUSED_VARIABLE = YES;
				IPHONEOS_DEPLOYMENT_TARGET = 11.0;
				MTL_ENABLE_DEBUG_INFO = YES;
				ONLY_ACTIVE_ARCH = YES;
				SDKROOT = iphoneos;
				SWIFT_ACTIVE_COMPILATION_CONDITIONS = DEBUG;
				SWIFT_OPTIMIZATION_LEVEL = "-Onone";
			};
			name = Debug;
		};
		3064D2F01FCFFE71009AF734 /* Release */ = {
			isa = XCBuildConfiguration;
			buildSettings = {
				ALWAYS_SEARCH_USER_PATHS = NO;
				CLANG_ANALYZER_NONNULL = YES;
				CLANG_ANALYZER_NUMBER_OBJECT_CONVERSION = YES_AGGRESSIVE;
				CLANG_CXX_LANGUAGE_STANDARD = "gnu++14";
				CLANG_CXX_LIBRARY = "libc++";
				CLANG_ENABLE_MODULES = YES;
				CLANG_ENABLE_OBJC_ARC = YES;
				CLANG_WARN_BLOCK_CAPTURE_AUTORELEASING = YES;
				CLANG_WARN_BOOL_CONVERSION = YES;
				CLANG_WARN_COMMA = YES;
				CLANG_WARN_CONSTANT_CONVERSION = YES;
				CLANG_WARN_DIRECT_OBJC_ISA_USAGE = YES_ERROR;
				CLANG_WARN_DOCUMENTATION_COMMENTS = YES;
				CLANG_WARN_EMPTY_BODY = YES;
				CLANG_WARN_ENUM_CONVERSION = YES;
				CLANG_WARN_INFINITE_RECURSION = YES;
				CLANG_WARN_INT_CONVERSION = YES;
				CLANG_WARN_NON_LITERAL_NULL_CONVERSION = YES;
				CLANG_WARN_OBJC_LITERAL_CONVERSION = YES;
				CLANG_WARN_OBJC_ROOT_CLASS = YES_ERROR;
				CLANG_WARN_RANGE_LOOP_ANALYSIS = YES;
				CLANG_WARN_STRICT_PROTOTYPES = YES;
				CLANG_WARN_SUSPICIOUS_MOVE = YES;
				CLANG_WARN_UNGUARDED_AVAILABILITY = YES_AGGRESSIVE;
				CLANG_WARN_UNREACHABLE_CODE = YES;
				CLANG_WARN__DUPLICATE_METHOD_MATCH = YES;
				CODE_SIGN_IDENTITY = "iPhone Developer";
				COPY_PHASE_STRIP = NO;
				DEBUG_INFORMATION_FORMAT = "dwarf-with-dsym";
				ENABLE_NS_ASSERTIONS = NO;
				ENABLE_STRICT_OBJC_MSGSEND = YES;
				GCC_C_LANGUAGE_STANDARD = gnu11;
				GCC_NO_COMMON_BLOCKS = YES;
				GCC_WARN_64_TO_32_BIT_CONVERSION = YES;
				GCC_WARN_ABOUT_RETURN_TYPE = YES_ERROR;
				GCC_WARN_UNDECLARED_SELECTOR = YES;
				GCC_WARN_UNINITIALIZED_AUTOS = YES_AGGRESSIVE;
				GCC_WARN_UNUSED_FUNCTION = YES;
				GCC_WARN_UNUSED_VARIABLE = YES;
				IPHONEOS_DEPLOYMENT_TARGET = 11.0;
				MTL_ENABLE_DEBUG_INFO = NO;
				SDKROOT = iphoneos;
				SWIFT_OPTIMIZATION_LEVEL = "-Owholemodule";
				VALIDATE_PRODUCT = YES;
			};
			name = Release;
		};
		3064D2F21FCFFE71009AF734 /* Debug */ = {
			isa = XCBuildConfiguration;
			baseConfigurationReference = E49726F0204EC6FFAB93C387 /* Pods-PreExam.debug.xcconfig */;
			buildSettings = {
				ASSETCATALOG_COMPILER_APPICON_NAME = AppIcon;
				CODE_SIGN_STYLE = Automatic;
				INFOPLIST_FILE = PreExam/Info.plist;
				LD_RUNPATH_SEARCH_PATHS = "$(inherited) @executable_path/Frameworks";
				PRODUCT_BUNDLE_IDENTIFIER = com.bikash.PreExam;
				PRODUCT_NAME = "$(TARGET_NAME)";
				SWIFT_VERSION = 4.0;
				TARGETED_DEVICE_FAMILY = "1,2";
			};
			name = Debug;
		};
		3064D2F31FCFFE71009AF734 /* Release */ = {
			isa = XCBuildConfiguration;
			baseConfigurationReference = D7588AD2F3F3205C194B84FD /* Pods-PreExam.release.xcconfig */;
			buildSettings = {
				ASSETCATALOG_COMPILER_APPICON_NAME = AppIcon;
				CODE_SIGN_STYLE = Automatic;
				INFOPLIST_FILE = PreExam/Info.plist;
				LD_RUNPATH_SEARCH_PATHS = "$(inherited) @executable_path/Frameworks";
				PRODUCT_BUNDLE_IDENTIFIER = com.bikash.PreExam;
				PRODUCT_NAME = "$(TARGET_NAME)";
				SWIFT_VERSION = 4.0;
				TARGETED_DEVICE_FAMILY = "1,2";
			};
			name = Release;
		};
/* End XCBuildConfiguration section */

/* Begin XCConfigurationList section */
		3064D2D81FCFFE71009AF734 /* Build configuration list for PBXProject "PreExam" */ = {
			isa = XCConfigurationList;
			buildConfigurations = (
				3064D2EF1FCFFE71009AF734 /* Debug */,
				3064D2F01FCFFE71009AF734 /* Release */,
			);
			defaultConfigurationIsVisible = 0;
			defaultConfigurationName = Release;
		};
		3064D2F11FCFFE71009AF734 /* Build configuration list for PBXNativeTarget "PreExam" */ = {
			isa = XCConfigurationList;
			buildConfigurations = (
				3064D2F21FCFFE71009AF734 /* Debug */,
				3064D2F31FCFFE71009AF734 /* Release */,
			);
			defaultConfigurationIsVisible = 0;
			defaultConfigurationName = Release;
		};
/* End XCConfigurationList section */
	};
	rootObject = 3064D2D51FCFFE71009AF734 /* Project object */;
}
